
Microsoft Visual Studio Solution File, Format Version 12.00
# Visual Studio 15
VisualStudioVersion = 15.0.27130.2026
MinimumVisualStudioVersion = 10.0.40219.1
Project("{8BC9CEB8-8B4A-11D0-8D11-00A0C91BC942}") = "Project1", "Project1\Project1.vcxproj", "{7D92A2C7-8D75-4F88-A38A-814F9A2B0373}"
EndProject
Project("{8BC9CEB8-8B4A-11D0-8D11-00A0C91BC942}") = "Challenge14", "..\..\Challenge14\Homework-7-and-8\Challenge14\Challenge14.vcxproj", "{9690EEFF-4671-42EF-8101-5A308E5502FA}"
EndProject
Global
	GlobalSection(SolutionConfigurationPlatforms) = preSolution
		Debug|x64 = Debug|x64
		Debug|x86 = Debug|x86
		Release|x64 = Release|x64
		Release|x86 = Release|x86
	EndGlobalSection
	GlobalSection(ProjectConfigurationPlatforms) = postSolution
		{7D92A2C7-8D75-4F88-A38A-814F9A2B0373}.Debug|x64.ActiveCfg = Debug|x64
		{7D92A2C7-8D75-4F88-A38A-814F9A2B0373}.Debug|x64.Build.0 = Debug|x64
		{7D92A2C7-8D75-4F88-A38A-814F9A2B0373}.Debug|x86.ActiveCfg = Debug|Win32
		{7D92A2C7-8D75-4F88-A38A-814F9A2B0373}.Debug|x86.Build.0 = Debug|Win32
		{7D92A2C7-8D75-4F88-A38A-814F9A2B0373}.Release|x64.ActiveCfg = Release|x64
		{7D92A2C7-8D75-4F88-A38A-814F9A2B0373}.Release|x64.Build.0 = Release|x64
		{7D92A2C7-8D75-4F88-A38A-814F9A2B0373}.Release|x86.ActiveCfg = Release|Win32
		{7D92A2C7-8D75-4F88-A38A-814F9A2B0373}.Release|x86.Build.0 = Release|Win32
		{9690EEFF-4671-42EF-8101-5A308E5502FA}.Debug|x64.ActiveCfg = Debug|x64
		{9690EEFF-4671-42EF-8101-5A308E5502FA}.Debug|x64.Build.0 = Debug|x64
		{9690EEFF-4671-42EF-8101-5A308E5502FA}.Debug|x86.ActiveCfg = Debug|Win32
		{9690EEFF-4671-42EF-8101-5A308E5502FA}.Debug|x86.Build.0 = Debug|Win32
		{9690EEFF-4671-42EF-8101-5A308E5502FA}.Release|x64.ActiveCfg = Release|x64
		{9690EEFF-4671-42EF-8101-5A308E5502FA}.Release|x64.Build.0 = Release|x64
		{9690EEFF-4671-42EF-8101-5A308E5502FA}.Release|x86.ActiveCfg = Release|Win32
		{9690EEFF-4671-42EF-8101-5A308E5502FA}.Release|x86.Build.0 = Release|Win32
	EndGlobalSection
	GlobalSection(SolutionProperties) = preSolution
		HideSolutionNode = FALSE
	EndGlobalSection
	GlobalSection(ExtensibilityGlobals) = postSolution
		SolutionGuid = {E83E6597-81B7-4782-80C2-697A0F07A650}
	EndGlobalSection
EndGlobal
